{
  "meteor": {},
  "dependencies": {
    "basePackages": {
      "paypal": {
        "path": "."
      }
    },
    "packages": {
      "paypal": {
        "path": "."
      },
      "npm": {
        "git": "https://github.com/arunoda/meteor-npm.git",
        "tag": "v0.2.2",
        "commit": "ad83acff83385d5ea05997c8bbc2d7493ba4c04e"
      }
    }
  }
}
